
Microsoft Visual Studio Solution File, Format Version 12.00
# Visual Studio Version 17
VisualStudioVersion = 17.0.31903.59
MinimumVisualStudioVersion = 10.0.40219.1
Project("{FAE04EC0-301F-11D3-BF4B-00C04F79EFBC}") = "WatchedIt.Api", "WatchedIt.Api\WatchedIt.Api.csproj", "{0C7198E9-E89B-4552-B35D-79FF708B16E2}"
EndProject
Project("{FAE04EC0-301F-11D3-BF4B-00C04F79EFBC}") = "WatchedIt.Tests", "WatchedIt.Tests\WatchedIt.Tests.csproj", "{A02FAFD7-DE52-44BA-BFC6-A4E630CBD1C3}"
EndProject
Global
	GlobalSection(SolutionConfigurationPlatforms) = preSolution
		Debug|Any CPU = Debug|Any CPU
		Release|Any CPU = Release|Any CPU
	EndGlobalSection
	GlobalSection(SolutionProperties) = preSolution
		HideSolutionNode = FALSE
	EndGlobalSection
	GlobalSection(ProjectConfigurationPlatforms) = postSolution
		{0C7198E9-E89B-4552-B35D-79FF708B16E2}.Debug|Any CPU.ActiveCfg = Debug|Any CPU
		{0C7198E9-E89B-4552-B35D-79FF708B16E2}.Debug|Any CPU.Build.0 = Debug|Any CPU
		{0C7198E9-E89B-4552-B35D-79FF708B16E2}.Release|Any CPU.ActiveCfg = Release|Any CPU
		{0C7198E9-E89B-4552-B35D-79FF708B16E2}.Release|Any CPU.Build.0 = Release|Any CPU
		{A02FAFD7-DE52-44BA-BFC6-A4E630CBD1C3}.Debug|Any CPU.ActiveCfg = Debug|Any CPU
		{A02FAFD7-DE52-44BA-BFC6-A4E630CBD1C3}.Debug|Any CPU.Build.0 = Debug|Any CPU
		{A02FAFD7-DE52-44BA-BFC6-A4E630CBD1C3}.Release|Any CPU.ActiveCfg = Release|Any CPU
		{A02FAFD7-DE52-44BA-BFC6-A4E630CBD1C3}.Release|Any CPU.Build.0 = Release|Any CPU
	EndGlobalSection
EndGlobal
